
Microsoft Visual Studio Solution File, Format Version 12.00
# Visual Studio Version 16
VisualStudioVersion = 16.0.31105.61
MinimumVisualStudioVersion = 10.0.40219.1
Project("{FAE04EC0-301F-11D3-BF4B-00C04F79EFBC}") = "Lab.TfL.RestApi.Client", "Lab.TfL.RestApi.Client\Lab.TfL.RestApi.Client.csproj", "{77975AD0-14C3-484B-A0B1-40DF170EBC72}"
EndProject
Project("{FAE04EC0-301F-11D3-BF4B-00C04F79EFBC}") = "Lab.TfL.Dtos", "Lab.TfL.Dtos\Lab.TfL.Dtos.csproj", "{01D80485-EBE2-4C22-A5A0-22421520BEED}"
EndProject
Project("{FAE04EC0-301F-11D3-BF4B-00C04F79EFBC}") = "Lab.TfL.RestApi.Client.UnitTests", "Lab.TfL.RestApi.Client.UnitTests\Lab.TfL.RestApi.Client.UnitTests.csproj", "{492F7288-4851-405A-9CC7-4D957DB030E6}"
EndProject
Global
	GlobalSection(SolutionConfigurationPlatforms) = preSolution
		Debug|Any CPU = Debug|Any CPU
		Release|Any CPU = Release|Any CPU
	EndGlobalSection
	GlobalSection(ProjectConfigurationPlatforms) = postSolution
		{77975AD0-14C3-484B-A0B1-40DF170EBC72}.Debug|Any CPU.ActiveCfg = Debug|Any CPU
		{77975AD0-14C3-484B-A0B1-40DF170EBC72}.Debug|Any CPU.Build.0 = Debug|Any CPU
		{77975AD0-14C3-484B-A0B1-40DF170EBC72}.Release|Any CPU.ActiveCfg = Release|Any CPU
		{77975AD0-14C3-484B-A0B1-40DF170EBC72}.Release|Any CPU.Build.0 = Release|Any CPU
		{01D80485-EBE2-4C22-A5A0-22421520BEED}.Debug|Any CPU.ActiveCfg = Debug|Any CPU
		{01D80485-EBE2-4C22-A5A0-22421520BEED}.Debug|Any CPU.Build.0 = Debug|Any CPU
		{01D80485-EBE2-4C22-A5A0-22421520BEED}.Release|Any CPU.ActiveCfg = Release|Any CPU
		{01D80485-EBE2-4C22-A5A0-22421520BEED}.Release|Any CPU.Build.0 = Release|Any CPU
		{492F7288-4851-405A-9CC7-4D957DB030E6}.Debug|Any CPU.ActiveCfg = Debug|Any CPU
		{492F7288-4851-405A-9CC7-4D957DB030E6}.Debug|Any CPU.Build.0 = Debug|Any CPU
		{492F7288-4851-405A-9CC7-4D957DB030E6}.Release|Any CPU.ActiveCfg = Release|Any CPU
		{492F7288-4851-405A-9CC7-4D957DB030E6}.Release|Any CPU.Build.0 = Release|Any CPU
	EndGlobalSection
	GlobalSection(SolutionProperties) = preSolution
		HideSolutionNode = FALSE
	EndGlobalSection
	GlobalSection(ExtensibilityGlobals) = postSolution
		SolutionGuid = {D033A63D-3038-454F-807C-19881552970D}
	EndGlobalSection
EndGlobal
